
Microsoft Visual Studio Solution File, Format Version 12.00
# Visual Studio 15
VisualStudioVersion = 15.0.28307.1082
MinimumVisualStudioVersion = 10.0.40219.1
Project("{FAE04EC0-301F-11D3-BF4B-00C04F79EFBC}") = "Matrimony.Android", "Matrimony\Matrimony.Android\Matrimony.Android.csproj", "{24CE3C36-16B9-426D-AA0C-5961ECF8D88C}"
EndProject
Project("{FAE04EC0-301F-11D3-BF4B-00C04F79EFBC}") = "Matrimony.iOS", "Matrimony\Matrimony.iOS\Matrimony.iOS.csproj", "{06ECFE90-FCCD-44EE-8DBC-5A22B41C1A5F}"
EndProject
Project("{FAE04EC0-301F-11D3-BF4B-00C04F79EFBC}") = "Matrimony", "Matrimony\Matrimony\Matrimony.csproj", "{8AA83B1C-4634-4896-9980-59873B73D8CF}"
EndProject
Global
	GlobalSection(SolutionConfigurationPlatforms) = preSolution
		Debug|Any CPU = Debug|Any CPU
		Debug|iPhone = Debug|iPhone
		Debug|iPhoneSimulator = Debug|iPhoneSimulator
		Release|Any CPU = Release|Any CPU
		Release|iPhone = Release|iPhone
		Release|iPhoneSimulator = Release|iPhoneSimulator
	EndGlobalSection
	GlobalSection(ProjectConfigurationPlatforms) = postSolution
		{24CE3C36-16B9-426D-AA0C-5961ECF8D88C}.Debug|Any CPU.ActiveCfg = Debug|Any CPU
		{24CE3C36-16B9-426D-AA0C-5961ECF8D88C}.Debug|Any CPU.Build.0 = Debug|Any CPU
		{24CE3C36-16B9-426D-AA0C-5961ECF8D88C}.Debug|Any CPU.Deploy.0 = Debug|Any CPU
		{24CE3C36-16B9-426D-AA0C-5961ECF8D88C}.Debug|iPhone.ActiveCfg = Debug|Any CPU
		{24CE3C36-16B9-426D-AA0C-5961ECF8D88C}.Debug|iPhone.Build.0 = Debug|Any CPU
		{24CE3C36-16B9-426D-AA0C-5961ECF8D88C}.Debug|iPhone.Deploy.0 = Debug|Any CPU
		{24CE3C36-16B9-426D-AA0C-5961ECF8D88C}.Debug|iPhoneSimulator.ActiveCfg = Debug|Any CPU
		{24CE3C36-16B9-426D-AA0C-5961ECF8D88C}.Debug|iPhoneSimulator.Build.0 = Debug|Any CPU
		{24CE3C36-16B9-426D-AA0C-5961ECF8D88C}.Debug|iPhoneSimulator.Deploy.0 = Debug|Any CPU
		{24CE3C36-16B9-426D-AA0C-5961ECF8D88C}.Release|Any CPU.ActiveCfg = Release|Any CPU
		{24CE3C36-16B9-426D-AA0C-5961ECF8D88C}.Release|Any CPU.Build.0 = Release|Any CPU
		{24CE3C36-16B9-426D-AA0C-5961ECF8D88C}.Release|Any CPU.Deploy.0 = Release|Any CPU
		{24CE3C36-16B9-426D-AA0C-5961ECF8D88C}.Release|iPhone.ActiveCfg = Release|Any CPU
		{24CE3C36-16B9-426D-AA0C-5961ECF8D88C}.Release|iPhone.Build.0 = Release|Any CPU
		{24CE3C36-16B9-426D-AA0C-5961ECF8D88C}.Release|iPhone.Deploy.0 = Release|Any CPU
		{24CE3C36-16B9-426D-AA0C-5961ECF8D88C}.Release|iPhoneSimulator.ActiveCfg = Release|Any CPU
		{24CE3C36-16B9-426D-AA0C-5961ECF8D88C}.Release|iPhoneSimulator.Build.0 = Release|Any CPU
		{24CE3C36-16B9-426D-AA0C-5961ECF8D88C}.Release|iPhoneSimulator.Deploy.0 = Release|Any CPU
		{06ECFE90-FCCD-44EE-8DBC-5A22B41C1A5F}.Debug|Any CPU.ActiveCfg = Debug|iPhoneSimulator
		{06ECFE90-FCCD-44EE-8DBC-5A22B41C1A5F}.Debug|Any CPU.Build.0 = Debug|iPhoneSimulator
		{06ECFE90-FCCD-44EE-8DBC-5A22B41C1A5F}.Debug|Any CPU.Deploy.0 = Debug|iPhoneSimulator
		{06ECFE90-FCCD-44EE-8DBC-5A22B41C1A5F}.Debug|iPhone.ActiveCfg = Debug|iPhone
		{06ECFE90-FCCD-44EE-8DBC-5A22B41C1A5F}.Debug|iPhone.Build.0 = Debug|iPhone
		{06ECFE90-FCCD-44EE-8DBC-5A22B41C1A5F}.Debug|iPhone.Deploy.0 = Debug|iPhone
		{06ECFE90-FCCD-44EE-8DBC-5A22B41C1A5F}.Debug|iPhoneSimulator.ActiveCfg = Debug|iPhoneSimulator
		{06ECFE90-FCCD-44EE-8DBC-5A22B41C1A5F}.Debug|iPhoneSimulator.Build.0 = Debug|iPhoneSimulator
		{06ECFE90-FCCD-44EE-8DBC-5A22B41C1A5F}.Debug|iPhoneSimulator.Deploy.0 = Debug|iPhoneSimulator
		{06ECFE90-FCCD-44EE-8DBC-5A22B41C1A5F}.Release|Any CPU.ActiveCfg = Release|iPhone
		{06ECFE90-FCCD-44EE-8DBC-5A22B41C1A5F}.Release|Any CPU.Build.0 = Release|iPhone
		{06ECFE90-FCCD-44EE-8DBC-5A22B41C1A5F}.Release|Any CPU.Deploy.0 = Release|iPhone
		{06ECFE90-FCCD-44EE-8DBC-5A22B41C1A5F}.Release|iPhone.ActiveCfg = Release|iPhone
		{06ECFE90-FCCD-44EE-8DBC-5A22B41C1A5F}.Release|iPhone.Build.0 = Release|iPhone
		{06ECFE90-FCCD-44EE-8DBC-5A22B41C1A5F}.Release|iPhone.Deploy.0 = Release|iPhone
		{06ECFE90-FCCD-44EE-8DBC-5A22B41C1A5F}.Release|iPhoneSimulator.ActiveCfg = Release|iPhoneSimulator
		{06ECFE90-FCCD-44EE-8DBC-5A22B41C1A5F}.Release|iPhoneSimulator.Build.0 = Release|iPhoneSimulator
		{06ECFE90-FCCD-44EE-8DBC-5A22B41C1A5F}.Release|iPhoneSimulator.Deploy.0 = Release|iPhoneSimulator
		{8AA83B1C-4634-4896-9980-59873B73D8CF}.Debug|Any CPU.ActiveCfg = Debug|Any CPU
		{8AA83B1C-4634-4896-9980-59873B73D8CF}.Debug|Any CPU.Build.0 = Debug|Any CPU
		{8AA83B1C-4634-4896-9980-59873B73D8CF}.Debug|Any CPU.Deploy.0 = Debug|Any CPU
		{8AA83B1C-4634-4896-9980-59873B73D8CF}.Debug|iPhone.ActiveCfg = Debug|Any CPU
		{8AA83B1C-4634-4896-9980-59873B73D8CF}.Debug|iPhone.Build.0 = Debug|Any CPU
		{8AA83B1C-4634-4896-9980-59873B73D8CF}.Debug|iPhone.Deploy.0 = Debug|Any CPU
		{8AA83B1C-4634-4896-9980-59873B73D8CF}.Debug|iPhoneSimulator.ActiveCfg = Debug|Any CPU
		{8AA83B1C-4634-4896-9980-59873B73D8CF}.Debug|iPhoneSimulator.Build.0 = Debug|Any CPU
		{8AA83B1C-4634-4896-9980-59873B73D8CF}.Debug|iPhoneSimulator.Deploy.0 = Debug|Any CPU
		{8AA83B1C-4634-4896-9980-59873B73D8CF}.Release|Any CPU.ActiveCfg = Release|Any CPU
		{8AA83B1C-4634-4896-9980-59873B73D8CF}.Release|Any CPU.Build.0 = Release|Any CPU
		{8AA83B1C-4634-4896-9980-59873B73D8CF}.Release|Any CPU.Deploy.0 = Release|Any CPU
		{8AA83B1C-4634-4896-9980-59873B73D8CF}.Release|iPhone.ActiveCfg = Release|Any CPU
		{8AA83B1C-4634-4896-9980-59873B73D8CF}.Release|iPhone.Build.0 = Release|Any CPU
		{8AA83B1C-4634-4896-9980-59873B73D8CF}.Release|iPhone.Deploy.0 = Release|Any CPU
		{8AA83B1C-4634-4896-9980-59873B73D8CF}.Release|iPhoneSimulator.ActiveCfg = Release|Any CPU
		{8AA83B1C-4634-4896-9980-59873B73D8CF}.Release|iPhoneSimulator.Build.0 = Release|Any CPU
		{8AA83B1C-4634-4896-9980-59873B73D8CF}.Release|iPhoneSimulator.Deploy.0 = Release|Any CPU
	EndGlobalSection
	GlobalSection(SolutionProperties) = preSolution
		HideSolutionNode = FALSE
	EndGlobalSection
	GlobalSection(ExtensibilityGlobals) = postSolution
		SolutionGuid = {C72A45E7-6A8F-435D-8DC1-51D436155938}
	EndGlobalSection
EndGlobal
